// !$*UTF8*$!
{
	archiveVersion = 1;
	classes = {
	};
	objectVersion = 56;
	objects = {

/* Begin PBXBuildFile section */
		B0000001 /* FocalApp.swift in Sources */ = {isa = PBXBuildFile; fileRef = A0000001 /* FocalApp.swift */; };
		B0000002 /* CanvasElement.swift in Sources */ = {isa = PBXBuildFile; fileRef = A0000002 /* CanvasElement.swift */; };
		B0000003 /* Enums.swift in Sources */ = {isa = PBXBuildFile; fileRef = A0000003 /* Enums.swift */; };
		B0000004 /* FocalNote.swift in Sources */ = {isa = PBXBuildFile; fileRef = A0000004 /* FocalNote.swift */; };
		B0000005 /* ToDoItem.swift in Sources */ = {isa = PBXBuildFile; fileRef = A0000005 /* ToDoItem.swift */; };
		B0000006 /* ExportManager.swift in Sources */ = {isa = PBXBuildFile; fileRef = A0000006 /* ExportManager.swift */; };
		B0000007 /* NotificationManager.swift in Sources */ = {isa = PBXBuildFile; fileRef = A0000007 /* NotificationManager.swift */; };
		B0000008 /* FocalTheme.swift in Sources */ = {isa = PBXBuildFile; fileRef = A0000008 /* FocalTheme.swift */; };
		B0000009 /* HapticManager.swift in Sources */ = {isa = PBXBuildFile; fileRef = A0000009 /* HapticManager.swift */; };
		B0000010 /* ContrastEngine.swift in Sources */ = {isa = PBXBuildFile; fileRef = A0000010 /* ContrastEngine.swift */; };
		B0000011 /* BackgroundViewManager.swift in Sources */ = {isa = PBXBuildFile; fileRef = A0000011 /* BackgroundViewManager.swift */; };
		B0000012 /* CardActionBarView.swift in Sources */ = {isa = PBXBuildFile; fileRef = A0000012 /* CardActionBarView.swift */; };
		B0000013 /* FocalCardView.swift in Sources */ = {isa = PBXBuildFile; fileRef = A0000013 /* FocalCardView.swift */; };
		B0000014 /* FocalFeedView.swift in Sources */ = {isa = PBXBuildFile; fileRef = A0000014 /* FocalFeedView.swift */; };
		B0000015 /* ProgressRingView.swift in Sources */ = {isa = PBXBuildFile; fileRef = A0000015 /* ProgressRingView.swift */; };
		B0000016 /* ToDoListView.swift in Sources */ = {isa = PBXBuildFile; fileRef = A0000016 /* ToDoListView.swift */; };
		B0000017 /* Assets in Resources */ = {isa = PBXBuildFile; fileRef = A0000017 /* Assets */; };
/* End PBXBuildFile section */

/* Begin PBXFileReference section */
		A0000001 /* FocalApp.swift */ = {isa = PBXFileReference; lastKnownFileType = sourcecode.swift; path = FocalApp.swift; sourceTree = "<group>"; };
		A0000002 /* CanvasElement.swift */ = {isa = PBXFileReference; lastKnownFileType = sourcecode.swift; path = Models/CanvasElement.swift; sourceTree = "<group>"; };
		A0000003 /* Enums.swift */ = {isa = PBXFileReference; lastKnownFileType = sourcecode.swift; path = Models/Enums.swift; sourceTree = "<group>"; };
		A0000004 /* FocalNote.swift */ = {isa = PBXFileReference; lastKnownFileType = sourcecode.swift; path = Models/FocalNote.swift; sourceTree = "<group>"; };
		A0000005 /* ToDoItem.swift */ = {isa = PBXFileReference; lastKnownFileType = sourcecode.swift; path = Models/ToDoItem.swift; sourceTree = "<group>"; };
		A0000006 /* ExportManager.swift */ = {isa = PBXFileReference; lastKnownFileType = sourcecode.swift; path = Services/ExportManager.swift; sourceTree = "<group>"; };
		A0000007 /* NotificationManager.swift */ = {isa = PBXFileReference; lastKnownFileType = sourcecode.swift; path = Services/NotificationManager.swift; sourceTree = "<group>"; };
		A0000008 /* FocalTheme.swift */ = {isa = PBXFileReference; lastKnownFileType = sourcecode.swift; path = Theme/FocalTheme.swift; sourceTree = "<group>"; };
		A0000009 /* HapticManager.swift */ = {isa = PBXFileReference; lastKnownFileType = sourcecode.swift; path = Theme/HapticManager.swift; sourceTree = "<group>"; };
		A0000010 /* ContrastEngine.swift */ = {isa = PBXFileReference; lastKnownFileType = sourcecode.swift; path = Utilities/ContrastEngine.swift; sourceTree = "<group>"; };
		A0000011 /* BackgroundViewManager.swift */ = {isa = PBXFileReference; lastKnownFileType = sourcecode.swift; path = Views/Backgrounds/BackgroundViewManager.swift; sourceTree = "<group>"; };
		A0000012 /* CardActionBarView.swift */ = {isa = PBXFileReference; lastKnownFileType = sourcecode.swift; path = Views/Cards/CardActionBarView.swift; sourceTree = "<group>"; };
		A0000013 /* FocalCardView.swift */ = {isa = PBXFileReference; lastKnownFileType = sourcecode.swift; path = Views/Cards/FocalCardView.swift; sourceTree = "<group>"; };
		A0000014 /* FocalFeedView.swift */ = {isa = PBXFileReference; lastKnownFileType = sourcecode.swift; path = Views/Feed/FocalFeedView.swift; sourceTree = "<group>"; };
		A0000015 /* ProgressRingView.swift */ = {isa = PBXFileReference; lastKnownFileType = sourcecode.swift; path = Views/ToDo/ProgressRingView.swift; sourceTree = "<group>"; };
		A0000016 /* ToDoListView.swift */ = {isa = PBXFileReference; lastKnownFileType = sourcecode.swift; path = Views/ToDo/ToDoListView.swift; sourceTree = "<group>"; };
		A0000017 /* Assets */ = {isa = PBXFileReference; lastKnownFileType = folder.assetcatalog; path = Assets; sourceTree = "<group>"; };
		222222223333333344444444 /* Focal.app */ = {isa = PBXFileReference; explicitFileType = wrapper.application; includeInIndex = 0; path = Focal.app; sourceTree = BUILT_PRODUCTS_DIR; };
/* End PBXFileReference section */

/* Begin PBXFrameworksBuildPhase section */
		555555556666666677777777 /* Frameworks */ = {
			isa = PBXFrameworksBuildPhase;
			buildActionMask = 2147483647;
			files = (
			);
			runOnlyForDeploymentPostprocessing = 0;
		};
/* End PBXFrameworksBuildPhase section */

/* Begin PBXGroup section */
		333333334444444455555555 = {
			isa = PBXGroup;
			children = (
				A0000001 /* FocalApp.swift */,
				A0000002 /* CanvasElement.swift */,
				A0000003 /* Enums.swift */,
				A0000004 /* FocalNote.swift */,
				A0000005 /* ToDoItem.swift */,
				A0000006 /* ExportManager.swift */,
				A0000007 /* NotificationManager.swift */,
				A0000008 /* FocalTheme.swift */,
				A0000009 /* HapticManager.swift */,
				A0000010 /* ContrastEngine.swift */,
				A0000011 /* BackgroundViewManager.swift */,
				A0000012 /* CardActionBarView.swift */,
				A0000013 /* FocalCardView.swift */,
				A0000014 /* FocalFeedView.swift */,
				A0000015 /* ProgressRingView.swift */,
				A0000016 /* ToDoListView.swift */,
				A0000017 /* Assets */,
				C0000001 /* Products */,
			);
			sourceTree = "<group>";
		};
		C0000001 /* Products */ = {
			isa = PBXGroup;
			children = (
				222222223333333344444444 /* Focal.app */,
			);
			name = Products;
			sourceTree = "<group>";
		};
/* End PBXGroup section */

/* Begin PBXNativeTarget section */
		222222223333333344444444 /* Focal */ = {
			isa = PBXNativeTarget;
			buildConfigurationList = D0000001 /* Build configuration list for PBXNativeTarget "Focal" */;
			buildPhases = (
				444444445555555566666666 /* Sources */,
				555555556666666677777777 /* Frameworks */,
				666666667777777788888888 /* Resources */,
			);
			buildRules = (
			);
			dependencies = (
			);
			name = Focal;
			productName = Focal;
			productReference = 222222223333333344444444 /* Focal.app */;
			productType = "com.apple.product-type.application";
		};
/* End PBXNativeTarget section */

/* Begin PBXProject section */
		111111112222222233333333 /* Project object */ = {
			isa = PBXProject;
			attributes = {
				BuildIndependentTargetsInParallel = 1;
				LastSwiftUpdateCheck = 1540;
				LastUpgradeCheck = 1540;
				TargetAttributes = {
					222222223333333344444444 = {
						CreatedOnToolsVersion = 15.4;
					};
				};
			};
			buildConfigurationList = E0000001 /* Build configuration list for PBXProject "Focal" */;
			compatibilityVersion = "Xcode 14.0";
			developmentRegion = en;
			hasScannedForEncodings = 0;
			knownRegions = (
				en,
				Base,
			);
			mainGroup = 333333334444444455555555;
			productRefGroup = C0000001 /* Products */;
			projectDirPath = "";
			projectRoot = "";
			targets = (
				222222223333333344444444 /* Focal */,
			);
		};
/* End PBXProject section */

/* Begin PBXResourcesBuildPhase section */
		666666667777777788888888 /* Resources */ = {
			isa = PBXResourcesBuildPhase;
			buildActionMask = 2147483647;
			files = (
				B0000017 /* Assets in Resources */,
			);
			runOnlyForDeploymentPostprocessing = 0;
		};
/* End PBXResourcesBuildPhase section */

/* Begin PBXSourcesBuildPhase section */
		444444445555555566666666 /* Sources */ = {
			isa = PBXSourcesBuildPhase;
			buildActionMask = 2147483647;
			files = (
				B0000001 /* FocalApp.swift in Sources */,
				B0000002 /* CanvasElement.swift in Sources */,
				B0000003 /* Enums.swift in Sources */,
				B0000004 /* FocalNote.swift in Sources */,
				B0000005 /* ToDoItem.swift in Sources */,
				B0000006 /* ExportManager.swift in Sources */,
				B0000007 /* NotificationManager.swift in Sources */,
				B0000008 /* FocalTheme.swift in Sources */,
				B0000009 /* HapticManager.swift in Sources */,
				B0000010 /* ContrastEngine.swift in Sources */,
				B0000011 /* BackgroundViewManager.swift in Sources */,
				B0000012 /* CardActionBarView.swift in Sources */,
				B0000013 /* FocalCardView.swift in Sources */,
				B0000014 /* FocalFeedView.swift in Sources */,
				B0000015 /* ProgressRingView.swift in Sources */,
				B0000016 /* ToDoListView.swift in Sources */,
			);
			runOnlyForDeploymentPostprocessing = 0;
		};
/* End PBXSourcesBuildPhase section */

/* Begin XCBuildConfiguration section */
		777777778888888899999999 /* Debug */ = {
			isa = XCBuildConfiguration;
			buildSettings = {
				ALWAYS_SEARCH_USER_PATHS = NO;
				CLANG_ANALYZER_NONNULL = YES;
				CLANG_ANALYZER_NUMBER_OBJECT_CONVERSION = YES_AGGRESSIVE;
				CLANG_CXX_LANGUAGE_STANDARD = "gnu++20";
				CLANG_ENABLE_MODULES = YES;
				CLANG_ENABLE_OBJC_ARC = YES;
				CLANG_WARN_BOOL_CONVERSIONS = YES;
				CLANG_WARN_CONSTANT_CONVERSIONS = YES;
				CLANG_WARN_DIRECT_OBJC_ISA_USAGE = YES_ERROR;
				CLANG_WARN_EMPTY_BODY = YES;
				CLANG_WARN_ENUM_CONVERSIONS = YES;
				CLANG_WARN_INT_CONVERSIONS = YES;
				CLANG_WARN_OBJC_ROOT_CLASS = YES_ERROR;
				CLANG_WARN_UNREACHABLE_CODE = YES;
				COPY_PHASE_STRIP = NO;
				DEBUG_INFORMATION_FORMAT = dwarf;
				ENABLE_STRICT_OBJC_MSGSEND = YES;
				ENABLE_TESTABILITY = YES;
				GCC_C_LANGUAGE_STANDARD = gnu11;
				GCC_DYNAMIC_NO_PIC = NO;
				GCC_NO_COMMON_BLOCKS = YES;
				GCC_OPTIMIZATION_LEVEL = 0;
				GCC_PREPROCESSOR_DEFINITIONS = (
					"DEBUG=1",
					"$(inherited)",
				);
				GCC_WARN_64_TO_32_BIT_CONVERSION = YES;
				GCC_WARN_ABOUT_RETURN_TYPE = YES_ERROR;
				GCC_WARN_UNDECLARED_SELECTOR = YES;
				GCC_WARN_UNINITIALIZED_AUTOS = YES_AGGRESSIVE;
				GCC_WARN_UNUSED_FUNCTION = YES;
				GCC_WARN_UNUSED_VARIABLE = YES;
				IPHONEOS_DEPLOYMENT_TARGET = 17.0;
				MTL_ENABLE_DEBUG_INFO = INCLUDE_SOURCE;
				MTL_FAST_MATH = YES;
				ONLY_ACTIVE_ARCH = YES;
				SDKROOT = iphoneos;
				SWIFT_ACTIVE_COMPILATION_CONDITIONS = DEBUG;
				SWIFT_OPTIMIZATION_LEVEL = "-Onone";
			};
			name = Debug;
		};
		888888889999999900000000 /* Release */ = {
			isa = XCBuildConfiguration;
			buildSettings = {
				ALWAYS_SEARCH_USER_PATHS = NO;
				CLANG_ANALYZER_NONNULL = YES;
				CLANG_ANALYZER_NUMBER_OBJECT_CONVERSION = YES_AGGRESSIVE;
				CLANG_CXX_LANGUAGE_STANDARD = "gnu++20";
				CLANG_ENABLE_MODULES = YES;
				CLANG_ENABLE_OBJC_ARC = YES;
				CLANG_WARN_BOOL_CONVERSIONS = YES;
				CLANG_WARN_CONSTANT_CONVERSIONS = YES;
				CLANG_WARN_DIRECT_OBJC_ISA_USAGE = YES_ERROR;
				CLANG_WARN_EMPTY_BODY = YES;
				CLANG_WARN_ENUM_CONVERSIONS = YES;
				CLANG_WARN_INT_CONVERSIONS = YES;
				CLANG_WARN_OBJC_ROOT_CLASS = YES_ERROR;
				CLANG_WARN_UNREACHABLE_CODE = YES;
				COPY_PHASE_STRIP = NO;
				DEBUG_INFORMATION_FORMAT = "dwarf-with-dsym";
				ENABLE_NS_ASSERTIONS = NO;
				ENABLE_STRICT_OBJC_MSGSEND = YES;
				GCC_C_LANGUAGE_STANDARD = gnu11;
				GCC_NO_COMMON_BLOCKS = YES;
				GCC_WARN_64_TO_32_BIT_CONVERSION = YES;
				GCC_WARN_ABOUT_RETURN_TYPE = YES_ERROR;
				GCC_WARN_UNDECLARED_SELECTOR = YES;
				GCC_WARN_UNINITIALIZED_AUTOS = YES_AGGRESSIVE;
				GCC_WARN_UNUSED_FUNCTION = YES;
				GCC_WARN_UNUSED_VARIABLE = YES;
				IPHONEOS_DEPLOYMENT_TARGET = 17.0;
				MTL_FAST_MATH = YES;
				SDKROOT = iphoneos;
				SWIFT_COMPILATION_MODE = wholemodule;
				SWIFT_OPTIMIZATION_LEVEL = "-O";
				VALIDATE_PRODUCT = YES;
			};
			name = Release;
		};
		999999990000000011111111 /* Debug */ = {
			isa = XCBuildConfiguration;
			buildSettings = {
				ASSETCATALOG_COMPILER_APPICON_NAME = AppIcon;
				ASSETCATALOG_COMPILER_GLOBAL_ACCENT_COLOR_NAME = AccentColor;
				CODE_SIGN_STYLE = Automatic;
				CURRENT_PROJECT_VERSION = 1;
				GENERATE_INFOPLIST_FILE = YES;
				INFOPLIST_KEY_UIApplicationSceneManifest_Generation = YES;
				INFOPLIST_KEY_UIApplicationSupportsIndirectInputEvents = YES;
				INFOPLIST_KEY_UILaunchScreen_Generation = YES;
				INFOPLIST_KEY_UISupportedInterfaceOrientations_iPhone = "UIInterfaceOrientationPortrait UIInterfaceOrientationLandscapeLeft UIInterfaceOrientationLandscapeRight";
				LD_RUNPATH_SEARCH_PATHS = (
					"$(inherited)",
					"@executable_path/Frameworks",
				);
				MARKETING_VERSION = 1.0;
				PRODUCT_BUNDLE_IDENTIFIER = com.samvel.focal;
				PRODUCT_NAME = "$(TARGET_NAME)";
				SWIFT_EMIT_LOC_STRINGS = YES;
				SWIFT_VERSION = 5.0;
				TARGETED_DEVICE_FAMILY = "1,2";
			};
			name = Debug;
		};
		000000001111111122222222 /* Release */ = {
			isa = XCBuildConfiguration;
			buildSettings = {
				ASSETCATALOG_COMPILER_APPICON_NAME = AppIcon;
				ASSETCATALOG_COMPILER_GLOBAL_ACCENT_COLOR_NAME = AccentColor;
				CODE_SIGN_STYLE = Automatic;
				CURRENT_PROJECT_VERSION = 1;
				GENERATE_INFOPLIST_FILE = YES;
				INFOPLIST_KEY_UIApplicationSceneManifest_Generation = YES;
				INFOPLIST_KEY_UIApplicationSupportsIndirectInputEvents = YES;
				INFOPLIST_KEY_UILaunchScreen_Generation = YES;
				INFOPLIST_KEY_UISupportedInterfaceOrientations_iPhone = "UIInterfaceOrientationPortrait UIInterfaceOrientationLandscapeLeft UIInterfaceOrientationLandscapeRight";
				LD_RUNPATH_SEARCH_PATHS = (
					"$(inherited)",
					"@executable_path/Frameworks",
				);
				MARKETING_VERSION = 1.0;
				PRODUCT_BUNDLE_IDENTIFIER = com.samvel.focal;
				PRODUCT_NAME = "$(TARGET_NAME)";
				SWIFT_EMIT_LOC_STRINGS = YES;
				SWIFT_VERSION = 5.0;
				TARGETED_DEVICE_FAMILY = "1,2";
			};
			name = Release;
		};
/* End XCBuildConfiguration section */

/* Begin XCConfigurationList section */
		D0000001 /* Build configuration list for PBXNativeTarget "Focal" */ = {
			isa = XCConfigurationList;
			buildConfigurations = (
				999999990000000011111111 /* Debug */,
				000000001111111122222222 /* Release */,
			);
			defaultConfigurationIsVisible = 0;
			defaultConfigurationName = Release;
		};
		E0000001 /* Build configuration list for PBXProject "Focal" */ = {
			isa = XCConfigurationList;
			buildConfigurations = (
				777777778888888899999999 /* Debug */,
				888888889999999900000000 /* Release */,
			);
			defaultConfigurationIsVisible = 0;
			defaultConfigurationName = Release;
		};
/* End XCConfigurationList section */
	};
	rootObject = 111111112222222233333333 /* Project object */;
}
